
Microsoft Visual Studio Solution File, Format Version 12.00
# Visual Studio Version 17
VisualStudioVersion = 17.3.32922.545
MinimumVisualStudioVersion = 10.0.40219.1
Project("{FAE04EC0-301F-11D3-BF4B-00C04F79EFBC}") = "Calculator", "Calculator\Calculator.csproj", "{DA1A2E15-9DB3-4F6A-9B21-9CBF6F95F27B}"
EndProject
Global
	GlobalSection(SolutionConfigurationPlatforms) = preSolution
		Debug|Any CPU = Debug|Any CPU
		Release|Any CPU = Release|Any CPU
	EndGlobalSection
	GlobalSection(ProjectConfigurationPlatforms) = postSolution
		{DA1A2E15-9DB3-4F6A-9B21-9CBF6F95F27B}.Debug|Any CPU.ActiveCfg = Debug|Any CPU
		{DA1A2E15-9DB3-4F6A-9B21-9CBF6F95F27B}.Debug|Any CPU.Build.0 = Debug|Any CPU
		{DA1A2E15-9DB3-4F6A-9B21-9CBF6F95F27B}.Release|Any CPU.ActiveCfg = Release|Any CPU
		{DA1A2E15-9DB3-4F6A-9B21-9CBF6F95F27B}.Release|Any CPU.Build.0 = Release|Any CPU
	EndGlobalSection
	GlobalSection(SolutionProperties) = preSolution
		HideSolutionNode = FALSE
	EndGlobalSection
	GlobalSection(ExtensibilityGlobals) = postSolution
		SolutionGuid = {ABC306FC-5806-4223-8032-83FB98504A68}
	EndGlobalSection
EndGlobal
